
Microsoft Visual Studio Solution File, Format Version 12.00
# Visual Studio Version 17
VisualStudioVersion = 17.13.35818.85
MinimumVisualStudioVersion = 10.0.40219.1
Project("{FAE04EC0-301F-11D3-BF4B-00C04F79EFBC}") = "Grundlagen", "Grundlagen.csproj", "{8AB4709D-C0FD-4CB6-81FC-BEF36F6D6EBB}"
EndProject
Project("{FAE04EC0-301F-11D3-BF4B-00C04F79EFBC}") = "OOP", "..\OOP\OOP.csproj", "{F5E052EF-E83C-41F9-B6E6-55A9AB600577}"
EndProject
Global
	GlobalSection(SolutionConfigurationPlatforms) = preSolution
		Debug|Any CPU = Debug|Any CPU
		Release|Any CPU = Release|Any CPU
	EndGlobalSection
	GlobalSection(ProjectConfigurationPlatforms) = postSolution
		{8AB4709D-C0FD-4CB6-81FC-BEF36F6D6EBB}.Debug|Any CPU.ActiveCfg = Debug|Any CPU
		{8AB4709D-C0FD-4CB6-81FC-BEF36F6D6EBB}.Debug|Any CPU.Build.0 = Debug|Any CPU
		{8AB4709D-C0FD-4CB6-81FC-BEF36F6D6EBB}.Release|Any CPU.ActiveCfg = Release|Any CPU
		{8AB4709D-C0FD-4CB6-81FC-BEF36F6D6EBB}.Release|Any CPU.Build.0 = Release|Any CPU
		{F5E052EF-E83C-41F9-B6E6-55A9AB600577}.Debug|Any CPU.ActiveCfg = Debug|Any CPU
		{F5E052EF-E83C-41F9-B6E6-55A9AB600577}.Debug|Any CPU.Build.0 = Debug|Any CPU
		{F5E052EF-E83C-41F9-B6E6-55A9AB600577}.Release|Any CPU.ActiveCfg = Release|Any CPU
		{F5E052EF-E83C-41F9-B6E6-55A9AB600577}.Release|Any CPU.Build.0 = Release|Any CPU
	EndGlobalSection
	GlobalSection(SolutionProperties) = preSolution
		HideSolutionNode = FALSE
	EndGlobalSection
	GlobalSection(ExtensibilityGlobals) = postSolution
		SolutionGuid = {6DF5FA54-192F-413F-A73C-5EC048C694BE}
	EndGlobalSection
EndGlobal
